
Microsoft Visual Studio Solution File, Format Version 12.00
# Visual Studio 14
VisualStudioVersion = 14.0.23107.0
MinimumVisualStudioVersion = 10.0.40219.1
Project("{FAE04EC0-301F-11D3-BF4B-00C04F79EFBC}") = "Funq", "Funq\Funq.csproj", "{60DBCCA2-BCEB-4509-89D9-F8360375DEDD}"
EndProject
Project("{FAE04EC0-301F-11D3-BF4B-00C04F79EFBC}") = "Funq.Test", "Funq.Test\Funq.Test.csproj", "{B9AB0D50-E4E4-4CBC-A72E-B1F99BDDBD00}"
EndProject
Global
	GlobalSection(SolutionConfigurationPlatforms) = preSolution
		Debug|Any CPU = Debug|Any CPU
		Release|Any CPU = Release|Any CPU
	EndGlobalSection
	GlobalSection(ProjectConfigurationPlatforms) = postSolution
		{60DBCCA2-BCEB-4509-89D9-F8360375DEDD}.Debug|Any CPU.ActiveCfg = Debug|Any CPU
		{60DBCCA2-BCEB-4509-89D9-F8360375DEDD}.Debug|Any CPU.Build.0 = Debug|Any CPU
		{60DBCCA2-BCEB-4509-89D9-F8360375DEDD}.Release|Any CPU.ActiveCfg = Release|Any CPU
		{60DBCCA2-BCEB-4509-89D9-F8360375DEDD}.Release|Any CPU.Build.0 = Release|Any CPU
		{B9AB0D50-E4E4-4CBC-A72E-B1F99BDDBD00}.Debug|Any CPU.ActiveCfg = Debug|Any CPU
		{B9AB0D50-E4E4-4CBC-A72E-B1F99BDDBD00}.Debug|Any CPU.Build.0 = Debug|Any CPU
		{B9AB0D50-E4E4-4CBC-A72E-B1F99BDDBD00}.Release|Any CPU.ActiveCfg = Release|Any CPU
		{B9AB0D50-E4E4-4CBC-A72E-B1F99BDDBD00}.Release|Any CPU.Build.0 = Release|Any CPU
	EndGlobalSection
	GlobalSection(SolutionProperties) = preSolution
		HideSolutionNode = FALSE
	EndGlobalSection
EndGlobal
